
Microsoft Visual Studio Solution File, Format Version 12.00
# Visual Studio Version 17
VisualStudioVersion = 17.12.35527.113
MinimumVisualStudioVersion = 10.0.40219.1
Project("{FAE04EC0-301F-11D3-BF4B-00C04F79EFBC}") = "viewer", "viewer\viewer.csproj", "{D74E5430-2961-4B41-8829-B7A8B7E4CDB8}"
EndProject
Project("{FAE04EC0-301F-11D3-BF4B-00C04F79EFBC}") = "GedcomParser", "Gedcom.NET\GedcomParser\GedcomParser.csproj", "{1CACB4ED-A0AC-49B0-BFCF-3EBA26DF558C}"
EndProject
Project("{FAE04EC0-301F-11D3-BF4B-00C04F79EFBC}") = "Gedcom", "Gedcom.NET\Gedcom\Gedcom.csproj", "{872AE81C-2178-4D2B-9077-34A8AD1595D9}"
EndProject
Project("{FAE04EC0-301F-11D3-BF4B-00C04F79EFBC}") = "Utility", "Gedcom.NET\Utility\Utility.csproj", "{C006EBC3-3802-430C-914D-ED54AC81DE98}"
EndProject
Global
	GlobalSection(SolutionConfigurationPlatforms) = preSolution
		Debug|Any CPU = Debug|Any CPU
		Release|Any CPU = Release|Any CPU
	EndGlobalSection
	GlobalSection(ProjectConfigurationPlatforms) = postSolution
		{D74E5430-2961-4B41-8829-B7A8B7E4CDB8}.Debug|Any CPU.ActiveCfg = Debug|Any CPU
		{D74E5430-2961-4B41-8829-B7A8B7E4CDB8}.Debug|Any CPU.Build.0 = Debug|Any CPU
		{D74E5430-2961-4B41-8829-B7A8B7E4CDB8}.Release|Any CPU.ActiveCfg = Release|Any CPU
		{D74E5430-2961-4B41-8829-B7A8B7E4CDB8}.Release|Any CPU.Build.0 = Release|Any CPU
		{1CACB4ED-A0AC-49B0-BFCF-3EBA26DF558C}.Debug|Any CPU.ActiveCfg = Debug|Any CPU
		{1CACB4ED-A0AC-49B0-BFCF-3EBA26DF558C}.Debug|Any CPU.Build.0 = Debug|Any CPU
		{1CACB4ED-A0AC-49B0-BFCF-3EBA26DF558C}.Release|Any CPU.ActiveCfg = Release|Any CPU
		{1CACB4ED-A0AC-49B0-BFCF-3EBA26DF558C}.Release|Any CPU.Build.0 = Release|Any CPU
		{872AE81C-2178-4D2B-9077-34A8AD1595D9}.Debug|Any CPU.ActiveCfg = Debug|Any CPU
		{872AE81C-2178-4D2B-9077-34A8AD1595D9}.Debug|Any CPU.Build.0 = Debug|Any CPU
		{872AE81C-2178-4D2B-9077-34A8AD1595D9}.Release|Any CPU.ActiveCfg = Release|Any CPU
		{872AE81C-2178-4D2B-9077-34A8AD1595D9}.Release|Any CPU.Build.0 = Release|Any CPU
		{C006EBC3-3802-430C-914D-ED54AC81DE98}.Debug|Any CPU.ActiveCfg = Debug|Any CPU
		{C006EBC3-3802-430C-914D-ED54AC81DE98}.Debug|Any CPU.Build.0 = Debug|Any CPU
		{C006EBC3-3802-430C-914D-ED54AC81DE98}.Release|Any CPU.ActiveCfg = Release|Any CPU
		{C006EBC3-3802-430C-914D-ED54AC81DE98}.Release|Any CPU.Build.0 = Release|Any CPU
	EndGlobalSection
	GlobalSection(SolutionProperties) = preSolution
		HideSolutionNode = FALSE
	EndGlobalSection
EndGlobal
